// !$*UTF8*$!
{
	archiveVersion = 1;
	classes = {
	};
	objectVersion = 46;
	objects = {

/* Begin PBXAggregateTarget section */
		C9E26F04145A5A89007C072D /* BundleProducts */ = {
			isa = PBXAggregateTarget;
			buildConfigurationList = C9E26F05145A5A89007C072D /* Build configuration list for PBXAggregateTarget "BundleProducts" */;
			buildPhases = (
				C9E26F08145A5AAA007C072D /* ShellScript */,
			);
			dependencies = (
			);
			name = BundleProducts;
			productName = UniversalFramework;
		};
/* End PBXAggregateTarget section */

/* Begin PBXBuildFile section */
		C918391C145A3463008BF5C0 /* Foundation.framework in Frameworks */ = {isa = PBXBuildFile; fileRef = C918391B145A3463008BF5C0 /* Foundation.framework */; };
		C918392D145A353E008BF5C0 /* QuartzCore.framework in Frameworks */ = {isa = PBXBuildFile; fileRef = C918392C145A353E008BF5C0 /* QuartzCore.framework */; };
		C9183937145A3594008BF5C0 /* DCCrossHairView.h in Headers */ = {isa = PBXBuildFile; fileRef = C918392E145A3590008BF5C0 /* DCCrossHairView.h */; settings = {ATTRIBUTES = (Public, ); }; };
		C9183938145A3594008BF5C0 /* DCCrossHairView.m in Sources */ = {isa = PBXBuildFile; fileRef = C918392F145A3590008BF5C0 /* DCCrossHairView.m */; };
		C9183939145A3594008BF5C0 /* DCFrameView.h in Headers */ = {isa = PBXBuildFile; fileRef = C9183930145A3590008BF5C0 /* DCFrameView.h */; settings = {ATTRIBUTES = (Public, ); }; };
		C918393A145A3594008BF5C0 /* DCFrameView.m in Sources */ = {isa = PBXBuildFile; fileRef = C9183931145A3591008BF5C0 /* DCFrameView.m */; };
		C918393B145A3594008BF5C0 /* DCIntrospect.h in Headers */ = {isa = PBXBuildFile; fileRef = C9183932145A3591008BF5C0 /* DCIntrospect.h */; settings = {ATTRIBUTES = (Public, ); }; };
		C918393C145A3594008BF5C0 /* DCIntrospect.m in Sources */ = {isa = PBXBuildFile; fileRef = C9183933145A3591008BF5C0 /* DCIntrospect.m */; };
		C918393D145A3594008BF5C0 /* DCIntrospectSettings.h in Headers */ = {isa = PBXBuildFile; fileRef = C9183934145A3592008BF5C0 /* DCIntrospectSettings.h */; settings = {ATTRIBUTES = (Public, ); }; };
		C918393E145A3594008BF5C0 /* DCStatusBarOverlay.h in Headers */ = {isa = PBXBuildFile; fileRef = C9183935145A3593008BF5C0 /* DCStatusBarOverlay.h */; settings = {ATTRIBUTES = (Public, ); }; };
		C918393F145A3594008BF5C0 /* DCStatusBarOverlay.m in Sources */ = {isa = PBXBuildFile; fileRef = C9183936145A3593008BF5C0 /* DCStatusBarOverlay.m */; };
		C9183941145A35A5008BF5C0 /* UIKit.framework in Frameworks */ = {isa = PBXBuildFile; fileRef = C9183940145A35A5008BF5C0 /* UIKit.framework */; };
		C9E26EF6145A584A007C072D /* DCCrossHairView.m in Sources */ = {isa = PBXBuildFile; fileRef = C918392F145A3590008BF5C0 /* DCCrossHairView.m */; };
		C9E26EF7145A584A007C072D /* DCFrameView.m in Sources */ = {isa = PBXBuildFile; fileRef = C9183931145A3591008BF5C0 /* DCFrameView.m */; };
		C9E26EF8145A584A007C072D /* DCIntrospect.m in Sources */ = {isa = PBXBuildFile; fileRef = C9183933145A3591008BF5C0 /* DCIntrospect.m */; };
		C9E26EF9145A584A007C072D /* DCStatusBarOverlay.m in Sources */ = {isa = PBXBuildFile; fileRef = C9183936145A3593008BF5C0 /* DCStatusBarOverlay.m */; };
		C9E26EFD145A58B2007C072D /* DCIntrospect.h in Headers */ = {isa = PBXBuildFile; fileRef = C9183932145A3591008BF5C0 /* DCIntrospect.h */; settings = {ATTRIBUTES = (Public, ); }; };
		C9E26EFE145A58C6007C072D /* DCCrossHairView.h in Headers */ = {isa = PBXBuildFile; fileRef = C918392E145A3590008BF5C0 /* DCCrossHairView.h */; settings = {ATTRIBUTES = (Public, ); }; };
		C9E26EFF145A58C9007C072D /* DCFrameView.h in Headers */ = {isa = PBXBuildFile; fileRef = C9183930145A3590008BF5C0 /* DCFrameView.h */; settings = {ATTRIBUTES = (Public, ); }; };
		C9E26F00145A58DD007C072D /* DCIntrospectSettings.h in Headers */ = {isa = PBXBuildFile; fileRef = C9183934145A3592008BF5C0 /* DCIntrospectSettings.h */; settings = {ATTRIBUTES = (Public, ); }; };
		C9E26F01145A58DF007C072D /* DCStatusBarOverlay.h in Headers */ = {isa = PBXBuildFile; fileRef = C9183935145A3593008BF5C0 /* DCStatusBarOverlay.h */; settings = {ATTRIBUTES = (Public, ); }; };
		C9E26F40145A7AE1007C072D /* DCIntrospectLoader.m in Sources */ = {isa = PBXBuildFile; fileRef = C9E26F3D145A7AE1007C072D /* DCIntrospectLoader.m */; };
		C9E26F41145A7AE1007C072D /* DCIntrospectLoader.m in Sources */ = {isa = PBXBuildFile; fileRef = C9E26F3D145A7AE1007C072D /* DCIntrospectLoader.m */; };
/* End PBXBuildFile section */

/* Begin PBXFileReference section */
		C9183918145A3463008BF5C0 /* libDCIntrospect.a */ = {isa = PBXFileReference; explicitFileType = archive.ar; includeInIndex = 0; path = libDCIntrospect.a; sourceTree = BUILT_PRODUCTS_DIR; };
		C918391B145A3463008BF5C0 /* Foundation.framework */ = {isa = PBXFileReference; lastKnownFileType = wrapper.framework; name = Foundation.framework; path = System/Library/Frameworks/Foundation.framework; sourceTree = SDKROOT; };
		C918391F145A3463008BF5C0 /* DCIntrospect-Prefix.pch */ = {isa = PBXFileReference; lastKnownFileType = sourcecode.c.h; path = "DCIntrospect-Prefix.pch"; sourceTree = "<group>"; };
		C918392C145A353E008BF5C0 /* QuartzCore.framework */ = {isa = PBXFileReference; lastKnownFileType = wrapper.framework; name = QuartzCore.framework; path = System/Library/Frameworks/QuartzCore.framework; sourceTree = SDKROOT; };
		C918392E145A3590008BF5C0 /* DCCrossHairView.h */ = {isa = PBXFileReference; fileEncoding = 4; lastKnownFileType = sourcecode.c.h; path = DCCrossHairView.h; sourceTree = SOURCE_ROOT; };
		C918392F145A3590008BF5C0 /* DCCrossHairView.m */ = {isa = PBXFileReference; fileEncoding = 4; lastKnownFileType = sourcecode.c.objc; path = DCCrossHairView.m; sourceTree = SOURCE_ROOT; };
		C9183930145A3590008BF5C0 /* DCFrameView.h */ = {isa = PBXFileReference; fileEncoding = 4; lastKnownFileType = sourcecode.c.h; path = DCFrameView.h; sourceTree = SOURCE_ROOT; };
		C9183931145A3591008BF5C0 /* DCFrameView.m */ = {isa = PBXFileReference; fileEncoding = 4; lastKnownFileType = sourcecode.c.objc; path = DCFrameView.m; sourceTree = SOURCE_ROOT; };
		C9183932145A3591008BF5C0 /* DCIntrospect.h */ = {isa = PBXFileReference; fileEncoding = 4; lastKnownFileType = sourcecode.c.h; path = DCIntrospect.h; sourceTree = SOURCE_ROOT; };
		C9183933145A3591008BF5C0 /* DCIntrospect.m */ = {isa = PBXFileReference; fileEncoding = 4; lastKnownFileType = sourcecode.c.objc; path = DCIntrospect.m; sourceTree = SOURCE_ROOT; };
		C9183934145A3592008BF5C0 /* DCIntrospectSettings.h */ = {isa = PBXFileReference; fileEncoding = 4; lastKnownFileType = sourcecode.c.h; path = DCIntrospectSettings.h; sourceTree = SOURCE_ROOT; };
		C9183935145A3593008BF5C0 /* DCStatusBarOverlay.h */ = {isa = PBXFileReference; fileEncoding = 4; lastKnownFileType = sourcecode.c.h; path = DCStatusBarOverlay.h; sourceTree = SOURCE_ROOT; };
		C9183936145A3593008BF5C0 /* DCStatusBarOverlay.m */ = {isa = PBXFileReference; fileEncoding = 4; lastKnownFileType = sourcecode.c.objc; path = DCStatusBarOverlay.m; sourceTree = SOURCE_ROOT; };
		C9183940145A35A5008BF5C0 /* UIKit.framework */ = {isa = PBXFileReference; lastKnownFileType = wrapper.framework; name = UIKit.framework; path = System/Library/Frameworks/UIKit.framework; sourceTree = SDKROOT; };
		C9E26EE8145A5165007C072D /* DCIntrospect.framework */ = {isa = PBXFileReference; explicitFileType = wrapper.cfbundle; includeInIndex = 0; path = DCIntrospect.framework; sourceTree = BUILT_PRODUCTS_DIR; };
		C9E26F3D145A7AE1007C072D /* DCIntrospectLoader.m */ = {isa = PBXFileReference; fileEncoding = 4; lastKnownFileType = sourcecode.c.objc; path = DCIntrospectLoader.m; sourceTree = SOURCE_ROOT; };
/* End PBXFileReference section */

/* Begin PBXFrameworksBuildPhase section */
		C9183915145A3463008BF5C0 /* Frameworks */ = {
			isa = PBXFrameworksBuildPhase;
			buildActionMask = 2147483647;
			files = (
				C9183941145A35A5008BF5C0 /* UIKit.framework in Frameworks */,
				C918392D145A353E008BF5C0 /* QuartzCore.framework in Frameworks */,
				C918391C145A3463008BF5C0 /* Foundation.framework in Frameworks */,
			);
			runOnlyForDeploymentPostprocessing = 0;
		};
		C9E26EE5145A5165007C072D /* Frameworks */ = {
			isa = PBXFrameworksBuildPhase;
			buildActionMask = 2147483647;
			files = (
			);
			runOnlyForDeploymentPostprocessing = 0;
		};
/* End PBXFrameworksBuildPhase section */

/* Begin PBXGroup section */
		C918390D145A3462008BF5C0 = {
			isa = PBXGroup;
			children = (
				C918391D145A3463008BF5C0 /* DCIntrospect */,
				C918391A145A3463008BF5C0 /* Frameworks */,
				C9183919145A3463008BF5C0 /* Products */,
			);
			sourceTree = "<group>";
		};
		C9183919145A3463008BF5C0 /* Products */ = {
			isa = PBXGroup;
			children = (
				C9183918145A3463008BF5C0 /* libDCIntrospect.a */,
				C9E26EE8145A5165007C072D /* DCIntrospect.framework */,
			);
			name = Products;
			sourceTree = "<group>";
		};
		C918391A145A3463008BF5C0 /* Frameworks */ = {
			isa = PBXGroup;
			children = (
				C9183940145A35A5008BF5C0 /* UIKit.framework */,
				C918392C145A353E008BF5C0 /* QuartzCore.framework */,
				C918391B145A3463008BF5C0 /* Foundation.framework */,
			);
			name = Frameworks;
			sourceTree = "<group>";
		};
		C918391D145A3463008BF5C0 /* DCIntrospect */ = {
			isa = PBXGroup;
			children = (
				C918392E145A3590008BF5C0 /* DCCrossHairView.h */,
				C918392F145A3590008BF5C0 /* DCCrossHairView.m */,
				C9183930145A3590008BF5C0 /* DCFrameView.h */,
				C9183931145A3591008BF5C0 /* DCFrameView.m */,
				C9183932145A3591008BF5C0 /* DCIntrospect.h */,
				C9183933145A3591008BF5C0 /* DCIntrospect.m */,
				C9183934145A3592008BF5C0 /* DCIntrospectSettings.h */,
				C9183935145A3593008BF5C0 /* DCStatusBarOverlay.h */,
				C9183936145A3593008BF5C0 /* DCStatusBarOverlay.m */,
				C918391F145A3463008BF5C0 /* DCIntrospect-Prefix.pch */,
				C9E26F3D145A7AE1007C072D /* DCIntrospectLoader.m */,
			);
			path = DCIntrospect;
			sourceTree = "<group>";
		};
/* End PBXGroup section */

/* Begin PBXHeadersBuildPhase section */
		C9183916145A3463008BF5C0 /* Headers */ = {
			isa = PBXHeadersBuildPhase;
			buildActionMask = 2147483647;
			files = (
				C9183937145A3594008BF5C0 /* DCCrossHairView.h in Headers */,
				C9183939145A3594008BF5C0 /* DCFrameView.h in Headers */,
				C918393B145A3594008BF5C0 /* DCIntrospect.h in Headers */,
				C918393D145A3594008BF5C0 /* DCIntrospectSettings.h in Headers */,
				C918393E145A3594008BF5C0 /* DCStatusBarOverlay.h in Headers */,
			);
			runOnlyForDeploymentPostprocessing = 0;
		};
		C9E26EFC145A5899007C072D /* Headers */ = {
			isa = PBXHeadersBuildPhase;
			buildActionMask = 2147483647;
			files = (
				C9E26EFD145A58B2007C072D /* DCIntrospect.h in Headers */,
				C9E26F01145A58DF007C072D /* DCStatusBarOverlay.h in Headers */,
				C9E26F00145A58DD007C072D /* DCIntrospectSettings.h in Headers */,
				C9E26EFE145A58C6007C072D /* DCCrossHairView.h in Headers */,
				C9E26EFF145A58C9007C072D /* DCFrameView.h in Headers */,
			);
			runOnlyForDeploymentPostprocessing = 0;
		};
/* End PBXHeadersBuildPhase section */

/* Begin PBXNativeTarget section */
		C9183917145A3463008BF5C0 /* DCIntrospectStaticLib */ = {
			isa = PBXNativeTarget;
			buildConfigurationList = C9183925145A3463008BF5C0 /* Build configuration list for PBXNativeTarget "DCIntrospectStaticLib" */;
			buildPhases = (
				C9183914145A3463008BF5C0 /* Sources */,
				C9183915145A3463008BF5C0 /* Frameworks */,
				C9183916145A3463008BF5C0 /* Headers */,
			);
			buildRules = (
			);
			dependencies = (
			);
			name = DCIntrospectStaticLib;
			productName = DCIntrospect;
			productReference = C9183918145A3463008BF5C0 /* libDCIntrospect.a */;
			productType = "com.apple.product-type.library.static";
		};
		C9E26EE7145A5165007C072D /* DCIntrospectFramework */ = {
			isa = PBXNativeTarget;
			buildConfigurationList = C9E26EF4145A5165007C072D /* Build configuration list for PBXNativeTarget "DCIntrospectFramework" */;
			buildPhases = (
				C9E26EE4145A5165007C072D /* Sources */,
				C9E26EE5145A5165007C072D /* Frameworks */,
				C9E26EE6145A5165007C072D /* Resources */,
				C9E26EFC145A5899007C072D /* Headers */,
			);
			buildRules = (
			);
			dependencies = (
			);
			name = DCIntrospectFramework;
			productName = DCIntrospectFramework;
			productReference = C9E26EE8145A5165007C072D /* DCIntrospect.framework */;
			productType = "com.apple.product-type.bundle";
		};
/* End PBXNativeTarget section */

/* Begin PBXProject section */
		C918390F145A3462008BF5C0 /* Project object */ = {
			isa = PBXProject;
			attributes = {
				LastUpgradeCheck = 0420;
			};
			buildConfigurationList = C9183912145A3462008BF5C0 /* Build configuration list for PBXProject "DCIntrospect" */;
			compatibilityVersion = "Xcode 3.2";
			developmentRegion = English;
			hasScannedForEncodings = 0;
			knownRegions = (
				en,
			);
			mainGroup = C918390D145A3462008BF5C0;
			productRefGroup = C9183919145A3463008BF5C0 /* Products */;
			projectDirPath = "";
			projectRoot = "";
			targets = (
				C9183917145A3463008BF5C0 /* DCIntrospectStaticLib */,
				C9E26EE7145A5165007C072D /* DCIntrospectFramework */,
				C9E26F04145A5A89007C072D /* BundleProducts */,
			);
		};
/* End PBXProject section */

/* Begin PBXResourcesBuildPhase section */
		C9E26EE6145A5165007C072D /* Resources */ = {
			isa = PBXResourcesBuildPhase;
			buildActionMask = 2147483647;
			files = (
			);
			runOnlyForDeploymentPostprocessing = 0;
		};
/* End PBXResourcesBuildPhase section */

/* Begin PBXShellScriptBuildPhase section */
		C9E26F08145A5AAA007C072D /* ShellScript */ = {
			isa = PBXShellScriptBuildPhase;
			buildActionMask = 2147483647;
			files = (
			);
			inputPaths = (
			);
			outputPaths = (
			);
			runOnlyForDeploymentPostprocessing = 0;
			shellPath = /bin/sh;
			shellScript = "# Sets the target folders and the final framework product.\nBUILD_CONFIGURATION=Debug\nLIB_NAME=DCIntrospect\nFMK_NAME=DCIntrospect\nFMK_VERSION=A\n\nLIB_FILE=\"lib${LIB_NAME}.a\"\n\n# Install dir will be the final output to the framework.\n# The following line create it in the root folder of the current project.\nINSTALL_DIR=${SRCROOT}/../Products/${FMK_NAME}.framework\nLIB_INSTALL_DIR=${SRCROOT}/../Products/lib\n\n# Working dir will be deleted after the framework creation.\nWRK_DIR=build\nDEVICE_DIR=${WRK_DIR}/${BUILD_CONFIGURATION}-iphoneos/${FMK_NAME}.framework\nSIMULATOR_DIR=${WRK_DIR}/${BUILD_CONFIGURATION}-iphonesimulator/${FMK_NAME}.framework\nLIB_DEVICE_DIR=${WRK_DIR}/${BUILD_CONFIGURATION}-iphoneos\nLIB_SIMULATOR_DIR=${WRK_DIR}/${BUILD_CONFIGURATION}-iphonesimulator\n\n# Clean before starting compile\nrm -r \"${WRK_DIR}\"\n\n# Building both architectures.\nxcodebuild -configuration \"${BUILD_CONFIGURATION}\" -target \"${FMK_NAME}Framework\" -sdk iphoneos\nxcodebuild -configuration \"${BUILD_CONFIGURATION}\" -target \"${FMK_NAME}Framework\" -sdk iphonesimulator\nxcodebuild -configuration \"${BUILD_CONFIGURATION}\" -target \"${LIB_NAME}StaticLib\" -sdk iphoneos\nxcodebuild -configuration \"${BUILD_CONFIGURATION}\" -target \"${LIB_NAME}StaticLib\" -sdk iphonesimulator\n\n# Cleaning the oldest.\nif [ -d \"${INSTALL_DIR}\" ]\nthen\nrm -rf \"${INSTALL_DIR}\"\nfi\n\nif [ -d \"${LIB_INSTALL_DIR}\" ]\nthen\nrm -rf \"${LIB_INSTALL_DIR}\"\nfi\n\n# Creates and renews the final product folder.\nmkdir -p \"${INSTALL_DIR}\"\nmkdir -p \"${INSTALL_DIR}/Versions\"\nmkdir -p \"${INSTALL_DIR}/Versions/${FMK_VERSION}\"\nmkdir -p \"${INSTALL_DIR}/Versions/${FMK_VERSION}/Resources\"\nmkdir -p \"${INSTALL_DIR}/Versions/${FMK_VERSION}/Headers\"\nmkdir -p \"${LIB_INSTALL_DIR}\"\nmkdir -p \"${LIB_INSTALL_DIR}/${LIB_NAME}\"\n\n# Creates the internal links.\n# It MUST uses relative path, otherwise will not work when the folder is copied/moved.\nln -s \"${FMK_VERSION}\" \"${INSTALL_DIR}/Versions/Current\"\nln -s \"Versions/Current/Headers\" \"${INSTALL_DIR}/Headers\"\nln -s \"Versions/Current/Resources\" \"${INSTALL_DIR}/Resources\"\nln -s \"Versions/Current/${FMK_NAME}\" \"${INSTALL_DIR}/${FMK_NAME}\"\n\n# Copies the headers and resources files to the final product folder.\ncp -R \"${DEVICE_DIR}/Headers/\" \"${INSTALL_DIR}/Versions/${FMK_VERSION}/Headers/\"\ncp -R \"${DEVICE_DIR}/\" \"${INSTALL_DIR}/Versions/${FMK_VERSION}/Resources/\"\ncp -R \"${LIB_DEVICE_DIR}/${LIB_NAME}/\"*.h \"${LIB_INSTALL_DIR}/${LIB_NAME}\"\n\n# Removes the binary and header from the resources folder.\nrm -r \"${INSTALL_DIR}/Versions/${FMK_VERSION}/Resources/Headers\" \"${INSTALL_DIR}/Versions/${FMK_VERSION}/Resources/${FMK_NAME}\"\n\n# Uses the Lipo Tool to merge both binary files (i386 + armv6/armv7) into one Universal final product.\nlipo -create \"${DEVICE_DIR}/${FMK_NAME}\" \"${SIMULATOR_DIR}/${FMK_NAME}\" -output \"${INSTALL_DIR}/Versions/${FMK_VERSION}/${FMK_NAME}\"\n\nlipo -create \"${LIB_DEVICE_DIR}/${LIB_FILE}\" \"${LIB_SIMULATOR_DIR}/${LIB_FILE}\" -output \"${LIB_INSTALL_DIR}/${LIB_FILE}\"\n\n";
		};
/* End PBXShellScriptBuildPhase section */

/* Begin PBXSourcesBuildPhase section */
		C9183914145A3463008BF5C0 /* Sources */ = {
			isa = PBXSourcesBuildPhase;
			buildActionMask = 2147483647;
			files = (
				C9183938145A3594008BF5C0 /* DCCrossHairView.m in Sources */,
				C918393A145A3594008BF5C0 /* DCFrameView.m in Sources */,
				C918393C145A3594008BF5C0 /* DCIntrospect.m in Sources */,
				C918393F145A3594008BF5C0 /* DCStatusBarOverlay.m in Sources */,
				C9E26F40145A7AE1007C072D /* DCIntrospectLoader.m in Sources */,
			);
			runOnlyForDeploymentPostprocessing = 0;
		};
		C9E26EE4145A5165007C072D /* Sources */ = {
			isa = PBXSourcesBuildPhase;
			buildActionMask = 2147483647;
			files = (
				C9E26EF6145A584A007C072D /* DCCrossHairView.m in Sources */,
				C9E26EF7145A584A007C072D /* DCFrameView.m in Sources */,
				C9E26EF8145A584A007C072D /* DCIntrospect.m in Sources */,
				C9E26EF9145A584A007C072D /* DCStatusBarOverlay.m in Sources */,
				C9E26F41145A7AE1007C072D /* DCIntrospectLoader.m in Sources */,
			);
			runOnlyForDeploymentPostprocessing = 0;
		};
/* End PBXSourcesBuildPhase section */

/* Begin XCBuildConfiguration section */
		C9183923145A3463008BF5C0 /* Debug */ = {
			isa = XCBuildConfiguration;
			buildSettings = {
				ALWAYS_SEARCH_USER_PATHS = NO;
				ARCHS = "$(ARCHS_STANDARD_32_BIT)";
				COPY_PHASE_STRIP = NO;
				GCC_C_LANGUAGE_STANDARD = gnu99;
				GCC_DYNAMIC_NO_PIC = NO;
				GCC_OPTIMIZATION_LEVEL = 0;
				GCC_PREPROCESSOR_DEFINITIONS = (
					"DEBUG=1",
					"$(inherited)",
				);
				GCC_SYMBOLS_PRIVATE_EXTERN = NO;
				GCC_VERSION = com.apple.compilers.llvm.clang.1_0;
				GCC_WARN_ABOUT_MISSING_PROTOTYPES = YES;
				GCC_WARN_ABOUT_RETURN_TYPE = YES;
				GCC_WARN_UNUSED_VARIABLE = YES;
				IPHONEOS_DEPLOYMENT_TARGET = 5.0;
				SDKROOT = iphoneos;
			};
			name = Debug;
		};
		C9183924145A3463008BF5C0 /* Release */ = {
			isa = XCBuildConfiguration;
			buildSettings = {
				ALWAYS_SEARCH_USER_PATHS = NO;
				ARCHS = "$(ARCHS_STANDARD_32_BIT)";
				COPY_PHASE_STRIP = YES;
				GCC_C_LANGUAGE_STANDARD = gnu99;
				GCC_VERSION = com.apple.compilers.llvm.clang.1_0;
				GCC_WARN_ABOUT_MISSING_PROTOTYPES = YES;
				GCC_WARN_ABOUT_RETURN_TYPE = YES;
				GCC_WARN_UNUSED_VARIABLE = YES;
				IPHONEOS_DEPLOYMENT_TARGET = 5.0;
				SDKROOT = iphoneos;
				VALIDATE_PRODUCT = YES;
			};
			name = Release;
		};
		C9183926145A3463008BF5C0 /* Debug */ = {
			isa = XCBuildConfiguration;
			buildSettings = {
				DSTROOT = /tmp/DCIntrospect.dst;
				GCC_PRECOMPILE_PREFIX_HEADER = YES;
				GCC_PREFIX_HEADER = "DCIntrospect-Prefix.pch";
				OTHER_LDFLAGS = "-ObjC";
				PRODUCT_NAME = DCIntrospect;
				PUBLIC_HEADERS_FOLDER_PATH = "$(PRODUCT_NAME)";
				SKIP_INSTALL = YES;
			};
			name = Debug;
		};
		C9183927145A3463008BF5C0 /* Release */ = {
			isa = XCBuildConfiguration;
			buildSettings = {
				DSTROOT = /tmp/DCIntrospect.dst;
				GCC_PRECOMPILE_PREFIX_HEADER = YES;
				GCC_PREFIX_HEADER = "DCIntrospect-Prefix.pch";
				OTHER_LDFLAGS = "-ObjC";
				PRODUCT_NAME = DCIntrospect;
				PUBLIC_HEADERS_FOLDER_PATH = "$(PRODUCT_NAME)";
				SKIP_INSTALL = YES;
			};
			name = Release;
		};
		C9E26EF2145A5165007C072D /* Debug */ = {
			isa = XCBuildConfiguration;
			buildSettings = {
				ARCHS = "$(ARCHS_STANDARD_32_BIT)";
				DEAD_CODE_STRIPPING = NO;
				GCC_ENABLE_OBJC_EXCEPTIONS = YES;
				GCC_PRECOMPILE_PREFIX_HEADER = YES;
				GCC_PREFIX_HEADER = "DCIntrospect-Prefix.pch";
				GCC_WARN_64_TO_32_BIT_CONVERSION = YES;
				INSTALL_PATH = "$(LOCAL_LIBRARY_DIR)/Bundles";
				LINK_WITH_STANDARD_LIBRARIES = NO;
				MACH_O_TYPE = mh_object;
				MACOSX_DEPLOYMENT_TARGET = 10.7;
				ONLY_ACTIVE_ARCH = YES;
				PRODUCT_NAME = DCIntrospect;
				SDKROOT = iphoneos;
				WRAPPER_EXTENSION = framework;
			};
			name = Debug;
		};
		C9E26EF3145A5165007C072D /* Release */ = {
			isa = XCBuildConfiguration;
			buildSettings = {
				ARCHS = "$(ARCHS_STANDARD_32_BIT)";
				DEAD_CODE_STRIPPING = NO;
				DEBUG_INFORMATION_FORMAT = "dwarf-with-dsym";
				GCC_ENABLE_OBJC_EXCEPTIONS = YES;
				GCC_PRECOMPILE_PREFIX_HEADER = YES;
				GCC_PREFIX_HEADER = "DCIntrospect-Prefix.pch";
				GCC_WARN_64_TO_32_BIT_CONVERSION = YES;
				INSTALL_PATH = "$(LOCAL_LIBRARY_DIR)/Bundles";
				LINK_WITH_STANDARD_LIBRARIES = NO;
				MACH_O_TYPE = mh_object;
				MACOSX_DEPLOYMENT_TARGET = 10.7;
				PRODUCT_NAME = DCIntrospect;
				SDKROOT = iphoneos;
				WRAPPER_EXTENSION = framework;
			};
			name = Release;
		};
		C9E26F06145A5A89007C072D /* Debug */ = {
			isa = XCBuildConfiguration;
			buildSettings = {
				PRODUCT_NAME = "$(TARGET_NAME)";
			};
			name = Debug;
		};
		C9E26F07145A5A89007C072D /* Release */ = {
			isa = XCBuildConfiguration;
			buildSettings = {
				PRODUCT_NAME = "$(TARGET_NAME)";
			};
			name = Release;
		};
/* End XCBuildConfiguration section */

/* Begin XCConfigurationList section */
		C9183912145A3462008BF5C0 /* Build configuration list for PBXProject "DCIntrospect" */ = {
			isa = XCConfigurationList;
			buildConfigurations = (
				C9183923145A3463008BF5C0 /* Debug */,
				C9183924145A3463008BF5C0 /* Release */,
			);
			defaultConfigurationIsVisible = 0;
			defaultConfigurationName = Release;
		};
		C9183925145A3463008BF5C0 /* Build configuration list for PBXNativeTarget "DCIntrospectStaticLib" */ = {
			isa = XCConfigurationList;
			buildConfigurations = (
				C9183926145A3463008BF5C0 /* Debug */,
				C9183927145A3463008BF5C0 /* Release */,
			);
			defaultConfigurationIsVisible = 0;
			defaultConfigurationName = Release;
		};
		C9E26EF4145A5165007C072D /* Build configuration list for PBXNativeTarget "DCIntrospectFramework" */ = {
			isa = XCConfigurationList;
			buildConfigurations = (
				C9E26EF2145A5165007C072D /* Debug */,
				C9E26EF3145A5165007C072D /* Release */,
			);
			defaultConfigurationIsVisible = 0;
			defaultConfigurationName = Release;
		};
		C9E26F05145A5A89007C072D /* Build configuration list for PBXAggregateTarget "BundleProducts" */ = {
			isa = XCConfigurationList;
			buildConfigurations = (
				C9E26F06145A5A89007C072D /* Debug */,
				C9E26F07145A5A89007C072D /* Release */,
			);
			defaultConfigurationIsVisible = 0;
			defaultConfigurationName = Release;
		};
/* End XCConfigurationList section */
	};
	rootObject = C918390F145A3462008BF5C0 /* Project object */;
}
